// !$*UTF8*$!
{
	archiveVersion = 1;
	classes = {
	};
	objectVersion = 50;
	objects = {

/* Begin PBXBuildFile section */
		89D61960226FB267006B2997 /* MainViewController.swift in Sources */ = {isa = PBXBuildFile; fileRef = 89D6195F226FB267006B2997 /* MainViewController.swift */; };
		89D61962226FB277006B2997 /* HubViewController.swift in Sources */ = {isa = PBXBuildFile; fileRef = 89D61961226FB277006B2997 /* HubViewController.swift */; };
		89D61964226FB443006B2997 /* CourseCollectionViewCell.swift in Sources */ = {isa = PBXBuildFile; fileRef = 89D61963226FB443006B2997 /* CourseCollectionViewCell.swift */; };
		89D61968226FB495006B2997 /* Location.swift in Sources */ = {isa = PBXBuildFile; fileRef = 89D61967226FB495006B2997 /* Location.swift */; };
		89D6196A226FB4A1006B2997 /* LocationCollectionViewCell.swift in Sources */ = {isa = PBXBuildFile; fileRef = 89D61969226FB4A1006B2997 /* LocationCollectionViewCell.swift */; };
		9B894D764A0902A2FD3D491F /* Pods_CU_Student_Hub.framework in Frameworks */ = {isa = PBXBuildFile; fileRef = 47B799601ED3D84EE6F8FABE /* Pods_CU_Student_Hub.framework */; };
		E520AED1226DE6AB002B0814 /* MessengerViewController.swift in Sources */ = {isa = PBXBuildFile; fileRef = E520AED0226DE6AB002B0814 /* MessengerViewController.swift */; };
		E520AED3226DE6E8002B0814 /* ProfileViewController.swift in Sources */ = {isa = PBXBuildFile; fileRef = E520AED2226DE6E8002B0814 /* ProfileViewController.swift */; };
		E520AEDA226DE818002B0814 /* Message.swift in Sources */ = {isa = PBXBuildFile; fileRef = E520AED9226DE818002B0814 /* Message.swift */; };
		E520AEDC226DEA11002B0814 /* MessageDisplay.swift in Sources */ = {isa = PBXBuildFile; fileRef = E520AEDB226DEA11002B0814 /* MessageDisplay.swift */; };
		E5561D2D2278F7F700D5509F /* MessageModel.swift in Sources */ = {isa = PBXBuildFile; fileRef = E5561D2C2278F7F700D5509F /* MessageModel.swift */; };
		E5561D2F2278F9E400D5509F /* GoogleService-Info.plist in Resources */ = {isa = PBXBuildFile; fileRef = E5561D2E2278F9E400D5509F /* GoogleService-Info.plist */; };
		E5561D312278FA8F00D5509F /* SignInViewController.swift in Sources */ = {isa = PBXBuildFile; fileRef = E5561D302278FA8F00D5509F /* SignInViewController.swift */; };
		E586E51B2269AFA500292DC8 /* AppDelegate.swift in Sources */ = {isa = PBXBuildFile; fileRef = E586E51A2269AFA500292DC8 /* AppDelegate.swift */; };
		E586E51D2269AFA500292DC8 /* ViewController.swift in Sources */ = {isa = PBXBuildFile; fileRef = E586E51C2269AFA500292DC8 /* ViewController.swift */; };
		E586E5202269AFA500292DC8 /* Main.storyboard in Resources */ = {isa = PBXBuildFile; fileRef = E586E51E2269AFA500292DC8 /* Main.storyboard */; };
		E586E5232269AFA500292DC8 /* CU_Student_Hub.xcdatamodeld in Sources */ = {isa = PBXBuildFile; fileRef = E586E5212269AFA500292DC8 /* CU_Student_Hub.xcdatamodeld */; };
		E586E5252269AFA600292DC8 /* Assets.xcassets in Resources */ = {isa = PBXBuildFile; fileRef = E586E5242269AFA600292DC8 /* Assets.xcassets */; };
		E586E5282269AFA600292DC8 /* LaunchScreen.storyboard in Resources */ = {isa = PBXBuildFile; fileRef = E586E5262269AFA600292DC8 /* LaunchScreen.storyboard */; };
		E5AFF9852278F73D0027A01F /* System.swift in Sources */ = {isa = PBXBuildFile; fileRef = E5AFF9842278F73D0027A01F /* System.swift */; };
		E5DF56DB227920E800F551DB /* Chat.swift in Sources */ = {isa = PBXBuildFile; fileRef = E5DF56DA227920E800F551DB /* Chat.swift */; };
		E5E7388A226DECB70046AB02 /* Profile.swift in Sources */ = {isa = PBXBuildFile; fileRef = E5E73889226DECB70046AB02 /* Profile.swift */; };
		E5EB32342272F89200B72815 /* MessageCollectionViewCell.swift in Sources */ = {isa = PBXBuildFile; fileRef = E5EB32332272F89200B72815 /* MessageCollectionViewCell.swift */; };
		E5EB32372273011E00B72815 /* NetworkManager.swift in Sources */ = {isa = PBXBuildFile; fileRef = E5EB32362273011E00B72815 /* NetworkManager.swift */; };
		E5EB32402273038500B72815 /* CornellCourseData.swift in Sources */ = {isa = PBXBuildFile; fileRef = E5EB323F2273038500B72815 /* CornellCourseData.swift */; };
		E5EB3242227305DF00B72815 /* MessageData.swift in Sources */ = {isa = PBXBuildFile; fileRef = E5EB3241227305DF00B72815 /* MessageData.swift */; };
		E5EB32442273064D00B72815 /* HubData.swift in Sources */ = {isa = PBXBuildFile; fileRef = E5EB32432273064D00B72815 /* HubData.swift */; };
		E5EB32462273069400B72815 /* UserProfileData.swift in Sources */ = {isa = PBXBuildFile; fileRef = E5EB32452273069400B72815 /* UserProfileData.swift */; };
		E5EB3248227306D700B72815 /* LocationData.swift in Sources */ = {isa = PBXBuildFile; fileRef = E5EB3247227306D700B72815 /* LocationData.swift */; };
/* End PBXBuildFile section */

/* Begin PBXFileReference section */
		2D465C5F4FD3B0FECC75F31B /* Pods-CU Student Hub.debug.xcconfig */ = {isa = PBXFileReference; includeInIndex = 1; lastKnownFileType = text.xcconfig; name = "Pods-CU Student Hub.debug.xcconfig"; path = "Target Support Files/Pods-CU Student Hub/Pods-CU Student Hub.debug.xcconfig"; sourceTree = "<group>"; };
		47B799601ED3D84EE6F8FABE /* Pods_CU_Student_Hub.framework */ = {isa = PBXFileReference; explicitFileType = wrapper.framework; includeInIndex = 0; path = Pods_CU_Student_Hub.framework; sourceTree = BUILT_PRODUCTS_DIR; };
		89D6195F226FB267006B2997 /* MainViewController.swift */ = {isa = PBXFileReference; lastKnownFileType = sourcecode.swift; path = MainViewController.swift; sourceTree = "<group>"; wrapsLines = 0; };
		89D61961226FB277006B2997 /* HubViewController.swift */ = {isa = PBXFileReference; lastKnownFileType = sourcecode.swift; path = HubViewController.swift; sourceTree = "<group>"; };
		89D61963226FB443006B2997 /* CourseCollectionViewCell.swift */ = {isa = PBXFileReference; lastKnownFileType = sourcecode.swift; path = CourseCollectionViewCell.swift; sourceTree = "<group>"; };
		89D61967226FB495006B2997 /* Location.swift */ = {isa = PBXFileReference; lastKnownFileType = sourcecode.swift; path = Location.swift; sourceTree = "<group>"; };
		89D61969226FB4A1006B2997 /* LocationCollectionViewCell.swift */ = {isa = PBXFileReference; lastKnownFileType = sourcecode.swift; path = LocationCollectionViewCell.swift; sourceTree = "<group>"; };
		91AE571D8EA47B89D3037316 /* Pods-CU Student Hub.release.xcconfig */ = {isa = PBXFileReference; includeInIndex = 1; lastKnownFileType = text.xcconfig; name = "Pods-CU Student Hub.release.xcconfig"; path = "Target Support Files/Pods-CU Student Hub/Pods-CU Student Hub.release.xcconfig"; sourceTree = "<group>"; };
		E520AED0226DE6AB002B0814 /* MessengerViewController.swift */ = {isa = PBXFileReference; lastKnownFileType = sourcecode.swift; path = MessengerViewController.swift; sourceTree = "<group>"; };
		E520AED2226DE6E8002B0814 /* ProfileViewController.swift */ = {isa = PBXFileReference; lastKnownFileType = sourcecode.swift; path = ProfileViewController.swift; sourceTree = "<group>"; };
		E520AED9226DE818002B0814 /* Message.swift */ = {isa = PBXFileReference; lastKnownFileType = sourcecode.swift; path = Message.swift; sourceTree = "<group>"; };
		E520AEDB226DEA11002B0814 /* MessageDisplay.swift */ = {isa = PBXFileReference; lastKnownFileType = sourcecode.swift; path = MessageDisplay.swift; sourceTree = "<group>"; };
		E5561D2C2278F7F700D5509F /* MessageModel.swift */ = {isa = PBXFileReference; lastKnownFileType = sourcecode.swift; path = MessageModel.swift; sourceTree = "<group>"; };
		E5561D2E2278F9E400D5509F /* GoogleService-Info.plist */ = {isa = PBXFileReference; fileEncoding = 4; lastKnownFileType = text.plist.xml; path = "GoogleService-Info.plist"; sourceTree = "<group>"; };
		E5561D302278FA8F00D5509F /* SignInViewController.swift */ = {isa = PBXFileReference; lastKnownFileType = sourcecode.swift; path = SignInViewController.swift; sourceTree = "<group>"; };
		E586E5172269AFA500292DC8 /* CU Student Hub.app */ = {isa = PBXFileReference; explicitFileType = wrapper.application; includeInIndex = 0; path = "CU Student Hub.app"; sourceTree = BUILT_PRODUCTS_DIR; };
		E586E51A2269AFA500292DC8 /* AppDelegate.swift */ = {isa = PBXFileReference; lastKnownFileType = sourcecode.swift; path = AppDelegate.swift; sourceTree = "<group>"; };
		E586E51C2269AFA500292DC8 /* ViewController.swift */ = {isa = PBXFileReference; lastKnownFileType = sourcecode.swift; path = ViewController.swift; sourceTree = "<group>"; };
		E586E51F2269AFA500292DC8 /* Base */ = {isa = PBXFileReference; lastKnownFileType = file.storyboard; name = Base; path = Base.lproj/Main.storyboard; sourceTree = "<group>"; };
		E586E5222269AFA500292DC8 /* CU_Student_Hub.xcdatamodel */ = {isa = PBXFileReference; lastKnownFileType = wrapper.xcdatamodel; path = CU_Student_Hub.xcdatamodel; sourceTree = "<group>"; };
		E586E5242269AFA600292DC8 /* Assets.xcassets */ = {isa = PBXFileReference; lastKnownFileType = folder.assetcatalog; path = Assets.xcassets; sourceTree = "<group>"; };
		E586E5272269AFA600292DC8 /* Base */ = {isa = PBXFileReference; lastKnownFileType = file.storyboard; name = Base; path = Base.lproj/LaunchScreen.storyboard; sourceTree = "<group>"; };
		E586E5292269AFA600292DC8 /* Info.plist */ = {isa = PBXFileReference; lastKnownFileType = text.plist.xml; path = Info.plist; sourceTree = "<group>"; };
		E5AFF9842278F73D0027A01F /* System.swift */ = {isa = PBXFileReference; lastKnownFileType = sourcecode.swift; path = System.swift; sourceTree = "<group>"; };
		E5DF56DA227920E800F551DB /* Chat.swift */ = {isa = PBXFileReference; fileEncoding = 4; lastKnownFileType = sourcecode.swift; path = Chat.swift; sourceTree = "<group>"; };
		E5E73889226DECB70046AB02 /* Profile.swift */ = {isa = PBXFileReference; lastKnownFileType = sourcecode.swift; path = Profile.swift; sourceTree = "<group>"; };
		E5EB32332272F89200B72815 /* MessageCollectionViewCell.swift */ = {isa = PBXFileReference; lastKnownFileType = sourcecode.swift; path = MessageCollectionViewCell.swift; sourceTree = "<group>"; };
		E5EB32362273011E00B72815 /* NetworkManager.swift */ = {isa = PBXFileReference; lastKnownFileType = sourcecode.swift; path = NetworkManager.swift; sourceTree = "<group>"; };
		E5EB323F2273038500B72815 /* CornellCourseData.swift */ = {isa = PBXFileReference; lastKnownFileType = sourcecode.swift; path = CornellCourseData.swift; sourceTree = "<group>"; };
		E5EB3241227305DF00B72815 /* MessageData.swift */ = {isa = PBXFileReference; lastKnownFileType = sourcecode.swift; path = MessageData.swift; sourceTree = "<group>"; };
		E5EB32432273064D00B72815 /* HubData.swift */ = {isa = PBXFileReference; lastKnownFileType = sourcecode.swift; path = HubData.swift; sourceTree = "<group>"; };
		E5EB32452273069400B72815 /* UserProfileData.swift */ = {isa = PBXFileReference; lastKnownFileType = sourcecode.swift; path = UserProfileData.swift; sourceTree = "<group>"; };
		E5EB3247227306D700B72815 /* LocationData.swift */ = {isa = PBXFileReference; lastKnownFileType = sourcecode.swift; path = LocationData.swift; sourceTree = "<group>"; };
/* End PBXFileReference section */

/* Begin PBXFrameworksBuildPhase section */
		E586E5142269AFA500292DC8 /* Frameworks */ = {
			isa = PBXFrameworksBuildPhase;
			buildActionMask = 2147483647;
			files = (
				9B894D764A0902A2FD3D491F /* Pods_CU_Student_Hub.framework in Frameworks */,
			);
			runOnlyForDeploymentPostprocessing = 0;
		};
/* End PBXFrameworksBuildPhase section */

/* Begin PBXGroup section */
		1DE5108A15411FDF09DF5C28 /* Frameworks */ = {
			isa = PBXGroup;
			children = (
				47B799601ED3D84EE6F8FABE /* Pods_CU_Student_Hub.framework */,
			);
			name = Frameworks;
			sourceTree = "<group>";
		};
		507EB0D29FF63CA719947D7C /* Pods */ = {
			isa = PBXGroup;
			children = (
				2D465C5F4FD3B0FECC75F31B /* Pods-CU Student Hub.debug.xcconfig */,
				91AE571D8EA47B89D3037316 /* Pods-CU Student Hub.release.xcconfig */,
			);
			path = Pods;
			sourceTree = "<group>";
		};
		89D6195D226FB240006B2997 /* hub */ = {
			isa = PBXGroup;
			children = (
				89D61961226FB277006B2997 /* HubViewController.swift */,
				89D61967226FB495006B2997 /* Location.swift */,
				89D61969226FB4A1006B2997 /* LocationCollectionViewCell.swift */,
			);
			path = hub;
			sourceTree = "<group>";
		};
		89D6195E226FB249006B2997 /* main */ = {
			isa = PBXGroup;
			children = (
				89D6195F226FB267006B2997 /* MainViewController.swift */,
				89D61963226FB443006B2997 /* CourseCollectionViewCell.swift */,
			);
			path = main;
			sourceTree = "<group>";
		};
		E520AED4226DE6F6002B0814 /* messenger */ = {
			isa = PBXGroup;
			children = (
				E520AED0226DE6AB002B0814 /* MessengerViewController.swift */,
				E520AED9226DE818002B0814 /* Message.swift */,
				E520AEDB226DEA11002B0814 /* MessageDisplay.swift */,
				E5EB32332272F89200B72815 /* MessageCollectionViewCell.swift */,
			);
			path = messenger;
			sourceTree = "<group>";
		};
		E520AED5226DE701002B0814 /* profile */ = {
			isa = PBXGroup;
			children = (
				E520AED2226DE6E8002B0814 /* ProfileViewController.swift */,
				E5E73889226DECB70046AB02 /* Profile.swift */,
			);
			path = profile;
			sourceTree = "<group>";
		};
		E520AED8226DE756002B0814 /* login */ = {
			isa = PBXGroup;
			children = (
				E5561D302278FA8F00D5509F /* SignInViewController.swift */,
				E586E51C2269AFA500292DC8 /* ViewController.swift */,
			);
			path = login;
			sourceTree = "<group>";
		};
		E586E50E2269AFA500292DC8 = {
			isa = PBXGroup;
			children = (
				E586E5192269AFA500292DC8 /* CU Student Hub */,
				E586E5182269AFA500292DC8 /* Products */,
				507EB0D29FF63CA719947D7C /* Pods */,
				1DE5108A15411FDF09DF5C28 /* Frameworks */,
			);
			sourceTree = "<group>";
		};
		E586E5182269AFA500292DC8 /* Products */ = {
			isa = PBXGroup;
			children = (
				E586E5172269AFA500292DC8 /* CU Student Hub.app */,
			);
			name = Products;
			sourceTree = "<group>";
		};
		E586E5192269AFA500292DC8 /* CU Student Hub */ = {
			isa = PBXGroup;
			children = (
				E5561D2E2278F9E400D5509F /* GoogleService-Info.plist */,
				E586E51A2269AFA500292DC8 /* AppDelegate.swift */,
				E5AFF9832278F72B0027A01F /* model */,
				E5EB32352273010200B72815 /* NetworkManager */,
				89D6195E226FB249006B2997 /* main */,
				89D6195D226FB240006B2997 /* hub */,
				E520AED8226DE756002B0814 /* login */,
				E520AED5226DE701002B0814 /* profile */,
				E520AED4226DE6F6002B0814 /* messenger */,
				E586E51E2269AFA500292DC8 /* Main.storyboard */,
				E586E5242269AFA600292DC8 /* Assets.xcassets */,
				E586E5262269AFA600292DC8 /* LaunchScreen.storyboard */,
				E586E5292269AFA600292DC8 /* Info.plist */,
				E586E5212269AFA500292DC8 /* CU_Student_Hub.xcdatamodeld */,
			);
			path = "CU Student Hub";
			sourceTree = "<group>";
		};
		E5AFF9832278F72B0027A01F /* model */ = {
			isa = PBXGroup;
			children = (
				E5DF56DA227920E800F551DB /* Chat.swift */,
				E5AFF9842278F73D0027A01F /* System.swift */,
				E5561D2C2278F7F700D5509F /* MessageModel.swift */,
			);
			path = model;
			sourceTree = "<group>";
		};
		E5EB32352273010200B72815 /* NetworkManager */ = {
			isa = PBXGroup;
			children = (
				E5EB3238227302F300B72815 /* NetworkReturns */,
				E5EB32362273011E00B72815 /* NetworkManager.swift */,
			);
			path = NetworkManager;
			sourceTree = "<group>";
		};
		E5EB3238227302F300B72815 /* NetworkReturns */ = {
			isa = PBXGroup;
			children = (
				E5EB323F2273038500B72815 /* CornellCourseData.swift */,
				E5EB3241227305DF00B72815 /* MessageData.swift */,
				E5EB32432273064D00B72815 /* HubData.swift */,
				E5EB32452273069400B72815 /* UserProfileData.swift */,
				E5EB3247227306D700B72815 /* LocationData.swift */,
			);
			path = NetworkReturns;
			sourceTree = "<group>";
		};
/* End PBXGroup section */

/* Begin PBXNativeTarget section */
		E586E5162269AFA500292DC8 /* CU Student Hub */ = {
			isa = PBXNativeTarget;
			buildConfigurationList = E586E52C2269AFA600292DC8 /* Build configuration list for PBXNativeTarget "CU Student Hub" */;
			buildPhases = (
				6CE614A689F891A36FACDFE3 /* [CP] Check Pods Manifest.lock */,
				E586E5132269AFA500292DC8 /* Sources */,
				E586E5142269AFA500292DC8 /* Frameworks */,
				E586E5152269AFA500292DC8 /* Resources */,
				30EDB64D43374CA798AC11C7 /* [CP] Embed Pods Frameworks */,
				9D606D5A8C2E4BA12B8357D5 /* [CP] Copy Pods Resources */,
			);
			buildRules = (
			);
			dependencies = (
			);
			name = "CU Student Hub";
			productName = "CU Student Hub";
			productReference = E586E5172269AFA500292DC8 /* CU Student Hub.app */;
			productType = "com.apple.product-type.application";
		};
/* End PBXNativeTarget section */

/* Begin PBXProject section */
		E586E50F2269AFA500292DC8 /* Project object */ = {
			isa = PBXProject;
			attributes = {
				LastSwiftUpdateCheck = 1010;
				LastUpgradeCheck = 1010;
				ORGANIZATIONNAME = "Anthony Yang";
				TargetAttributes = {
					E586E5162269AFA500292DC8 = {
						CreatedOnToolsVersion = 10.1;
					};
				};
			};
			buildConfigurationList = E586E5122269AFA500292DC8 /* Build configuration list for PBXProject "CU Student Hub" */;
			compatibilityVersion = "Xcode 9.3";
			developmentRegion = en;
			hasScannedForEncodings = 0;
			knownRegions = (
				en,
				Base,
			);
			mainGroup = E586E50E2269AFA500292DC8;
			productRefGroup = E586E5182269AFA500292DC8 /* Products */;
			projectDirPath = "";
			projectRoot = "";
			targets = (
				E586E5162269AFA500292DC8 /* CU Student Hub */,
			);
		};
/* End PBXProject section */

/* Begin PBXResourcesBuildPhase section */
		E586E5152269AFA500292DC8 /* Resources */ = {
			isa = PBXResourcesBuildPhase;
			buildActionMask = 2147483647;
			files = (
				E586E5282269AFA600292DC8 /* LaunchScreen.storyboard in Resources */,
				E5561D2F2278F9E400D5509F /* GoogleService-Info.plist in Resources */,
				E586E5252269AFA600292DC8 /* Assets.xcassets in Resources */,
				E586E5202269AFA500292DC8 /* Main.storyboard in Resources */,
			);
			runOnlyForDeploymentPostprocessing = 0;
		};
/* End PBXResourcesBuildPhase section */

/* Begin PBXShellScriptBuildPhase section */
		30EDB64D43374CA798AC11C7 /* [CP] Embed Pods Frameworks */ = {
			isa = PBXShellScriptBuildPhase;
			buildActionMask = 2147483647;
			files = (
			);
			inputFileListPaths = (
			);
			inputPaths = (
				"${PODS_ROOT}/Target Support Files/Pods-CU Student Hub/Pods-CU Student Hub-frameworks.sh",
				"${BUILT_PRODUCTS_DIR}/Alamofire/Alamofire.framework",
				"${BUILT_PRODUCTS_DIR}/GTMSessionFetcher/GTMSessionFetcher.framework",
				"${BUILT_PRODUCTS_DIR}/GoogleToolboxForMac/GoogleToolboxForMac.framework",
				"${BUILT_PRODUCTS_DIR}/GoogleUtilities/GoogleUtilities.framework",
				"${BUILT_PRODUCTS_DIR}/SnapKit/SnapKit.framework",
			);
			name = "[CP] Embed Pods Frameworks";
			outputFileListPaths = (
			);
			outputPaths = (
				"${TARGET_BUILD_DIR}/${FRAMEWORKS_FOLDER_PATH}/Alamofire.framework",
				"${TARGET_BUILD_DIR}/${FRAMEWORKS_FOLDER_PATH}/GTMSessionFetcher.framework",
				"${TARGET_BUILD_DIR}/${FRAMEWORKS_FOLDER_PATH}/GoogleToolboxForMac.framework",
				"${TARGET_BUILD_DIR}/${FRAMEWORKS_FOLDER_PATH}/GoogleUtilities.framework",
				"${TARGET_BUILD_DIR}/${FRAMEWORKS_FOLDER_PATH}/SnapKit.framework",
			);
			runOnlyForDeploymentPostprocessing = 0;
			shellPath = /bin/sh;
			shellScript = "\"${PODS_ROOT}/Target Support Files/Pods-CU Student Hub/Pods-CU Student Hub-frameworks.sh\"\n";
			showEnvVarsInLog = 0;
		};
		6CE614A689F891A36FACDFE3 /* [CP] Check Pods Manifest.lock */ = {
			isa = PBXShellScriptBuildPhase;
			buildActionMask = 2147483647;
			files = (
			);
			inputFileListPaths = (
			);
			inputPaths = (
				"${PODS_PODFILE_DIR_PATH}/Podfile.lock",
				"${PODS_ROOT}/Manifest.lock",
			);
			name = "[CP] Check Pods Manifest.lock";
			outputFileListPaths = (
			);
			outputPaths = (
				"$(DERIVED_FILE_DIR)/Pods-CU Student Hub-checkManifestLockResult.txt",
			);
			runOnlyForDeploymentPostprocessing = 0;
			shellPath = /bin/sh;
			shellScript = "diff \"${PODS_PODFILE_DIR_PATH}/Podfile.lock\" \"${PODS_ROOT}/Manifest.lock\" > /dev/null\nif [ $? != 0 ] ; then\n    # print error to STDERR\n    echo \"error: The sandbox is not in sync with the Podfile.lock. Run 'pod install' or update your CocoaPods installation.\" >&2\n    exit 1\nfi\n# This output is used by Xcode 'outputs' to avoid re-running this script phase.\necho \"SUCCESS\" > \"${SCRIPT_OUTPUT_FILE_0}\"\n";
			showEnvVarsInLog = 0;
		};
		9D606D5A8C2E4BA12B8357D5 /* [CP] Copy Pods Resources */ = {
			isa = PBXShellScriptBuildPhase;
			buildActionMask = 2147483647;
			files = (
			);
			inputFileListPaths = (
			);
			inputPaths = (
				"${PODS_ROOT}/Target Support Files/Pods-CU Student Hub/Pods-CU Student Hub-resources.sh",
				"${PODS_ROOT}/GoogleSignIn/Resources/GoogleSignIn.bundle",
			);
			name = "[CP] Copy Pods Resources";
			outputFileListPaths = (
			);
			outputPaths = (
				"${TARGET_BUILD_DIR}/${UNLOCALIZED_RESOURCES_FOLDER_PATH}/GoogleSignIn.bundle",
			);
			runOnlyForDeploymentPostprocessing = 0;
			shellPath = /bin/sh;
			shellScript = "\"${PODS_ROOT}/Target Support Files/Pods-CU Student Hub/Pods-CU Student Hub-resources.sh\"\n";
			showEnvVarsInLog = 0;
		};
/* End PBXShellScriptBuildPhase section */

/* Begin PBXSourcesBuildPhase section */
		E586E5132269AFA500292DC8 /* Sources */ = {
			isa = PBXSourcesBuildPhase;
			buildActionMask = 2147483647;
			files = (
				E5EB32342272F89200B72815 /* MessageCollectionViewCell.swift in Sources */,
				E520AED1226DE6AB002B0814 /* MessengerViewController.swift in Sources */,
				E5DF56DB227920E800F551DB /* Chat.swift in Sources */,
				E5E7388A226DECB70046AB02 /* Profile.swift in Sources */,
				E5EB32372273011E00B72815 /* NetworkManager.swift in Sources */,
				E520AEDC226DEA11002B0814 /* MessageDisplay.swift in Sources */,
				E586E5232269AFA500292DC8 /* CU_Student_Hub.xcdatamodeld in Sources */,
				89D61964226FB443006B2997 /* CourseCollectionViewCell.swift in Sources */,
				E5561D312278FA8F00D5509F /* SignInViewController.swift in Sources */,
				89D61968226FB495006B2997 /* Location.swift in Sources */,
				E520AED3226DE6E8002B0814 /* ProfileViewController.swift in Sources */,
				E5AFF9852278F73D0027A01F /* System.swift in Sources */,
				E520AEDA226DE818002B0814 /* Message.swift in Sources */,
				89D61962226FB277006B2997 /* HubViewController.swift in Sources */,
				E5EB32402273038500B72815 /* CornellCourseData.swift in Sources */,
				E5EB3242227305DF00B72815 /* MessageData.swift in Sources */,
				E5EB32462273069400B72815 /* UserProfileData.swift in Sources */,
				89D61960226FB267006B2997 /* MainViewController.swift in Sources */,
				E586E51D2269AFA500292DC8 /* ViewController.swift in Sources */,
				E5561D2D2278F7F700D5509F /* MessageModel.swift in Sources */,
				E5EB32442273064D00B72815 /* HubData.swift in Sources */,
				E5EB3248227306D700B72815 /* LocationData.swift in Sources */,
				89D6196A226FB4A1006B2997 /* LocationCollectionViewCell.swift in Sources */,
				E586E51B2269AFA500292DC8 /* AppDelegate.swift in Sources */,
			);
			runOnlyForDeploymentPostprocessing = 0;
		};
/* End PBXSourcesBuildPhase section */

/* Begin PBXVariantGroup section */
		E586E51E2269AFA500292DC8 /* Main.storyboard */ = {
			isa = PBXVariantGroup;
			children = (
				E586E51F2269AFA500292DC8 /* Base */,
			);
			name = Main.storyboard;
			sourceTree = "<group>";
		};
		E586E5262269AFA600292DC8 /* LaunchScreen.storyboard */ = {
			isa = PBXVariantGroup;
			children = (
				E586E5272269AFA600292DC8 /* Base */,
			);
			name = LaunchScreen.storyboard;
			sourceTree = "<group>";
		};
/* End PBXVariantGroup section */

/* Begin XCBuildConfiguration section */
		E586E52A2269AFA600292DC8 /* Debug */ = {
			isa = XCBuildConfiguration;
			buildSettings = {
				ALWAYS_SEARCH_USER_PATHS = NO;
				CLANG_ANALYZER_NONNULL = YES;
				CLANG_ANALYZER_NUMBER_OBJECT_CONVERSION = YES_AGGRESSIVE;
				CLANG_CXX_LANGUAGE_STANDARD = "gnu++14";
				CLANG_CXX_LIBRARY = "libc++";
				CLANG_ENABLE_MODULES = YES;
				CLANG_ENABLE_OBJC_ARC = YES;
				CLANG_ENABLE_OBJC_WEAK = YES;
				CLANG_WARN_BLOCK_CAPTURE_AUTORELEASING = YES;
				CLANG_WARN_BOOL_CONVERSION = YES;
				CLANG_WARN_COMMA = YES;
				CLANG_WARN_CONSTANT_CONVERSION = YES;
				CLANG_WARN_DEPRECATED_OBJC_IMPLEMENTATIONS = YES;
				CLANG_WARN_DIRECT_OBJC_ISA_USAGE = YES_ERROR;
				CLANG_WARN_DOCUMENTATION_COMMENTS = YES;
				CLANG_WARN_EMPTY_BODY = YES;
				CLANG_WARN_ENUM_CONVERSION = YES;
				CLANG_WARN_INFINITE_RECURSION = YES;
				CLANG_WARN_INT_CONVERSION = YES;
				CLANG_WARN_NON_LITERAL_NULL_CONVERSION = YES;
				CLANG_WARN_OBJC_IMPLICIT_RETAIN_SELF = YES;
				CLANG_WARN_OBJC_LITERAL_CONVERSION = YES;
				CLANG_WARN_OBJC_ROOT_CLASS = YES_ERROR;
				CLANG_WARN_RANGE_LOOP_ANALYSIS = YES;
				CLANG_WARN_STRICT_PROTOTYPES = YES;
				CLANG_WARN_SUSPICIOUS_MOVE = YES;
				CLANG_WARN_UNGUARDED_AVAILABILITY = YES_AGGRESSIVE;
				CLANG_WARN_UNREACHABLE_CODE = YES;
				CLANG_WARN__DUPLICATE_METHOD_MATCH = YES;
				CODE_SIGN_IDENTITY = "iPhone Developer";
				COPY_PHASE_STRIP = NO;
				DEBUG_INFORMATION_FORMAT = dwarf;
				ENABLE_STRICT_OBJC_MSGSEND = YES;
				ENABLE_TESTABILITY = YES;
				GCC_C_LANGUAGE_STANDARD = gnu11;
				GCC_DYNAMIC_NO_PIC = NO;
				GCC_NO_COMMON_BLOCKS = YES;
				GCC_OPTIMIZATION_LEVEL = 0;
				GCC_PREPROCESSOR_DEFINITIONS = (
					"DEBUG=1",
					"$(inherited)",
				);
				GCC_WARN_64_TO_32_BIT_CONVERSION = YES;
				GCC_WARN_ABOUT_RETURN_TYPE = YES_ERROR;
				GCC_WARN_UNDECLARED_SELECTOR = YES;
				GCC_WARN_UNINITIALIZED_AUTOS = YES_AGGRESSIVE;
				GCC_WARN_UNUSED_FUNCTION = YES;
				GCC_WARN_UNUSED_VARIABLE = YES;
				IPHONEOS_DEPLOYMENT_TARGET = 12.1;
				MTL_ENABLE_DEBUG_INFO = INCLUDE_SOURCE;
				MTL_FAST_MATH = YES;
				ONLY_ACTIVE_ARCH = YES;
				SDKROOT = iphoneos;
				SWIFT_ACTIVE_COMPILATION_CONDITIONS = DEBUG;
				SWIFT_OPTIMIZATION_LEVEL = "-Onone";
			};
			name = Debug;
		};
		E586E52B2269AFA600292DC8 /* Release */ = {
			isa = XCBuildConfiguration;
			buildSettings = {
				ALWAYS_SEARCH_USER_PATHS = NO;
				CLANG_ANALYZER_NONNULL = YES;
				CLANG_ANALYZER_NUMBER_OBJECT_CONVERSION = YES_AGGRESSIVE;
				CLANG_CXX_LANGUAGE_STANDARD = "gnu++14";
				CLANG_CXX_LIBRARY = "libc++";
				CLANG_ENABLE_MODULES = YES;
				CLANG_ENABLE_OBJC_ARC = YES;
				CLANG_ENABLE_OBJC_WEAK = YES;
				CLANG_WARN_BLOCK_CAPTURE_AUTORELEASING = YES;
				CLANG_WARN_BOOL_CONVERSION = YES;
				CLANG_WARN_COMMA = YES;
				CLANG_WARN_CONSTANT_CONVERSION = YES;
				CLANG_WARN_DEPRECATED_OBJC_IMPLEMENTATIONS = YES;
				CLANG_WARN_DIRECT_OBJC_ISA_USAGE = YES_ERROR;
				CLANG_WARN_DOCUMENTATION_COMMENTS = YES;
				CLANG_WARN_EMPTY_BODY = YES;
				CLANG_WARN_ENUM_CONVERSION = YES;
				CLANG_WARN_INFINITE_RECURSION = YES;
				CLANG_WARN_INT_CONVERSION = YES;
				CLANG_WARN_NON_LITERAL_NULL_CONVERSION = YES;
				CLANG_WARN_OBJC_IMPLICIT_RETAIN_SELF = YES;
				CLANG_WARN_OBJC_LITERAL_CONVERSION = YES;
				CLANG_WARN_OBJC_ROOT_CLASS = YES_ERROR;
				CLANG_WARN_RANGE_LOOP_ANALYSIS = YES;
				CLANG_WARN_STRICT_PROTOTYPES = YES;
				CLANG_WARN_SUSPICIOUS_MOVE = YES;
				CLANG_WARN_UNGUARDED_AVAILABILITY = YES_AGGRESSIVE;
				CLANG_WARN_UNREACHABLE_CODE = YES;
				CLANG_WARN__DUPLICATE_METHOD_MATCH = YES;
				CODE_SIGN_IDENTITY = "iPhone Developer";
				COPY_PHASE_STRIP = NO;
				DEBUG_INFORMATION_FORMAT = "dwarf-with-dsym";
				ENABLE_NS_ASSERTIONS = NO;
				ENABLE_STRICT_OBJC_MSGSEND = YES;
				GCC_C_LANGUAGE_STANDARD = gnu11;
				GCC_NO_COMMON_BLOCKS = YES;
				GCC_WARN_64_TO_32_BIT_CONVERSION = YES;
				GCC_WARN_ABOUT_RETURN_TYPE = YES_ERROR;
				GCC_WARN_UNDECLARED_SELECTOR = YES;
				GCC_WARN_UNINITIALIZED_AUTOS = YES_AGGRESSIVE;
				GCC_WARN_UNUSED_FUNCTION = YES;
				GCC_WARN_UNUSED_VARIABLE = YES;
				IPHONEOS_DEPLOYMENT_TARGET = 12.1;
				MTL_ENABLE_DEBUG_INFO = NO;
				MTL_FAST_MATH = YES;
				SDKROOT = iphoneos;
				SWIFT_COMPILATION_MODE = wholemodule;
				SWIFT_OPTIMIZATION_LEVEL = "-O";
				VALIDATE_PRODUCT = YES;
			};
			name = Release;
		};
		E586E52D2269AFA600292DC8 /* Debug */ = {
			isa = XCBuildConfiguration;
			baseConfigurationReference = 2D465C5F4FD3B0FECC75F31B /* Pods-CU Student Hub.debug.xcconfig */;
			buildSettings = {
				ASSETCATALOG_COMPILER_APPICON_NAME = AppIcon;
				CODE_SIGN_STYLE = Automatic;
				INFOPLIST_FILE = "CU Student Hub/Info.plist";
				LD_RUNPATH_SEARCH_PATHS = (
					"$(inherited)",
					"@executable_path/Frameworks",
				);
				PRODUCT_BUNDLE_IDENTIFIER = com.custudenthub;
				PRODUCT_NAME = "$(TARGET_NAME)";
				SWIFT_VERSION = 4.2;
				TARGETED_DEVICE_FAMILY = "1,2";
			};
			name = Debug;
		};
		E586E52E2269AFA600292DC8 /* Release */ = {
			isa = XCBuildConfiguration;
			baseConfigurationReference = 91AE571D8EA47B89D3037316 /* Pods-CU Student Hub.release.xcconfig */;
			buildSettings = {
				ASSETCATALOG_COMPILER_APPICON_NAME = AppIcon;
				CODE_SIGN_STYLE = Automatic;
				INFOPLIST_FILE = "CU Student Hub/Info.plist";
				LD_RUNPATH_SEARCH_PATHS = (
					"$(inherited)",
					"@executable_path/Frameworks",
				);
				PRODUCT_BUNDLE_IDENTIFIER = com.custudenthub;
				PRODUCT_NAME = "$(TARGET_NAME)";
				SWIFT_VERSION = 4.2;
				TARGETED_DEVICE_FAMILY = "1,2";
			};
			name = Release;
		};
/* End XCBuildConfiguration section */

/* Begin XCConfigurationList section */
		E586E5122269AFA500292DC8 /* Build configuration list for PBXProject "CU Student Hub" */ = {
			isa = XCConfigurationList;
			buildConfigurations = (
				E586E52A2269AFA600292DC8 /* Debug */,
				E586E52B2269AFA600292DC8 /* Release */,
			);
			defaultConfigurationIsVisible = 0;
			defaultConfigurationName = Release;
		};
		E586E52C2269AFA600292DC8 /* Build configuration list for PBXNativeTarget "CU Student Hub" */ = {
			isa = XCConfigurationList;
			buildConfigurations = (
				E586E52D2269AFA600292DC8 /* Debug */,
				E586E52E2269AFA600292DC8 /* Release */,
			);
			defaultConfigurationIsVisible = 0;
			defaultConfigurationName = Release;
		};
/* End XCConfigurationList section */

/* Begin XCVersionGroup section */
		E586E5212269AFA500292DC8 /* CU_Student_Hub.xcdatamodeld */ = {
			isa = XCVersionGroup;
			children = (
				E586E5222269AFA500292DC8 /* CU_Student_Hub.xcdatamodel */,
			);
			currentVersion = E586E5222269AFA500292DC8 /* CU_Student_Hub.xcdatamodel */;
			path = CU_Student_Hub.xcdatamodeld;
			sourceTree = "<group>";
			versionGroupType = wrapper.xcdatamodel;
		};
/* End XCVersionGroup section */
	};
	rootObject = E586E50F2269AFA500292DC8 /* Project object */;
}
